
Microsoft Visual Studio Solution File, Format Version 12.00
# Visual Studio 15
VisualStudioVersion = 15.0.27703.2000
MinimumVisualStudioVersion = 10.0.40219.1
Project("{E24C65DC-7377-472B-9ABA-BC803B73C61A}") = "SQL_Project", "SQL_Project\", "{A6E78709-F817-4FCF-83C8-39867D1150CC}"
	ProjectSection(WebsiteProperties) = preProject
		TargetFrameworkMoniker = ".NETFramework,Version%3Dv4.6.1"
		Debug.AspNetCompiler.VirtualPath = "/localhost_57618"
		Debug.AspNetCompiler.PhysicalPath = "SQL_Project\"
		Debug.AspNetCompiler.TargetPath = "PrecompiledWeb\localhost_57618\"
		Debug.AspNetCompiler.Updateable = "true"
		Debug.AspNetCompiler.ForceOverwrite = "true"
		Debug.AspNetCompiler.FixedNames = "false"
		Debug.AspNetCompiler.Debug = "True"
		Release.AspNetCompiler.VirtualPath = "/localhost_57618"
		Release.AspNetCompiler.PhysicalPath = "SQL_Project\"
		Release.AspNetCompiler.TargetPath = "PrecompiledWeb\localhost_57618\"
		Release.AspNetCompiler.Updateable = "true"
		Release.AspNetCompiler.ForceOverwrite = "true"
		Release.AspNetCompiler.FixedNames = "false"
		Release.AspNetCompiler.Debug = "False"
		VWDPort = "57618"
		SlnRelativePath = "SQL_Project\"
		DefaultWebSiteLanguage = "Visual C#"
	EndProjectSection
EndProject
Global
	GlobalSection(SolutionConfigurationPlatforms) = preSolution
		Debug|Any CPU = Debug|Any CPU
		Release|Any CPU = Release|Any CPU
	EndGlobalSection
	GlobalSection(ProjectConfigurationPlatforms) = postSolution
		{A6E78709-F817-4FCF-83C8-39867D1150CC}.Debug|Any CPU.ActiveCfg = Debug|Any CPU
		{A6E78709-F817-4FCF-83C8-39867D1150CC}.Debug|Any CPU.Build.0 = Debug|Any CPU
		{A6E78709-F817-4FCF-83C8-39867D1150CC}.Release|Any CPU.ActiveCfg = Debug|Any CPU
		{A6E78709-F817-4FCF-83C8-39867D1150CC}.Release|Any CPU.Build.0 = Debug|Any CPU
	EndGlobalSection
	GlobalSection(SolutionProperties) = preSolution
		HideSolutionNode = FALSE
	EndGlobalSection
	GlobalSection(ExtensibilityGlobals) = postSolution
		SolutionGuid = {2A9EF619-A93C-4845-BF30-DD7E7DA33071}
	EndGlobalSection
EndGlobal
